
Microsoft Visual Studio Solution File, Format Version 12.00
# Visual Studio Version 17
VisualStudioVersion = 17.12.35707.178
MinimumVisualStudioVersion = 10.0.40219.1
Project("{2150E333-8FDC-42A3-9474-1A3956D46DE8}") = "src", "src", "{0E1F645B-4C44-4124-8812-C8C20339CFB0}"
EndProject
Project("{2150E333-8FDC-42A3-9474-1A3956D46DE8}") = "Application", "Application", "{0110A542-A9ED-4053-A657-EEBB384C2F49}"
EndProject
Project("{2150E333-8FDC-42A3-9474-1A3956D46DE8}") = "Domain", "Domain", "{74719BF0-7B29-4929-8104-DF404203C7E2}"
EndProject
Project("{2150E333-8FDC-42A3-9474-1A3956D46DE8}") = "InfraStructure", "InfraStructure", "{80FA5186-D4F3-4122-BBB3-33D4181D29AB}"
EndProject
Project("{FAE04EC0-301F-11D3-BF4B-00C04F79EFBC}") = "AvaTradeApp.Application", "AvaTradeApp.Application\AvaTradeApp.Application.csproj", "{44DF8303-BD90-4E92-857F-7DFE732D3B93}"
EndProject
Project("{FAE04EC0-301F-11D3-BF4B-00C04F79EFBC}") = "AvaTradeApp.Domain", "AvaTradeApp.Domain\AvaTradeApp.Domain.csproj", "{8ECE81A6-230F-41C7-A754-799B69ACF8A3}"
EndProject
Project("{FAE04EC0-301F-11D3-BF4B-00C04F79EFBC}") = "AvaTradeApp.Infrastructure", "AvaTradeApp.Services\AvaTradeApp.Infrastructure.csproj", "{2FE4AFC9-8DBC-487A-BEA1-1C81F64C6EBD}"
EndProject
Project("{2150E333-8FDC-42A3-9474-1A3956D46DE8}") = "WebApi", "WebApi", "{A61B4C7B-AB42-4089-A7F4-44985A3F901B}"
EndProject
Project("{FAE04EC0-301F-11D3-BF4B-00C04F79EFBC}") = "AvaTradeApp.WebApi", "AvaTradeApp.WebApi\AvaTradeApp.WebApi.csproj", "{9472347B-FB46-4BE1-B5B1-605CBB0E1193}"
EndProject
Project("{2150E333-8FDC-42A3-9474-1A3956D46DE8}") = "UnitTests", "UnitTests", "{1BA6A85B-F20B-4BE3-9045-7F3D42BA18C7}"
EndProject
Project("{FAE04EC0-301F-11D3-BF4B-00C04F79EFBC}") = "AuthenticationServiceTests", "AccountUnitTests\AuthenticationServiceTests.csproj", "{6586E5C3-B31D-4BED-B5AB-D115F674A3CE}"
EndProject
Project("{FAE04EC0-301F-11D3-BF4B-00C04F79EFBC}") = "NewsServiceTest", "NewsServiceTest\NewsServiceTest.csproj", "{4CDF72E1-09B6-413D-8CCC-89379C10D724}"
EndProject
Global
	GlobalSection(SolutionConfigurationPlatforms) = preSolution
		Debug|Any CPU = Debug|Any CPU
		Release|Any CPU = Release|Any CPU
	EndGlobalSection
	GlobalSection(ProjectConfigurationPlatforms) = postSolution
		{44DF8303-BD90-4E92-857F-7DFE732D3B93}.Debug|Any CPU.ActiveCfg = Debug|Any CPU
		{44DF8303-BD90-4E92-857F-7DFE732D3B93}.Debug|Any CPU.Build.0 = Debug|Any CPU
		{44DF8303-BD90-4E92-857F-7DFE732D3B93}.Release|Any CPU.ActiveCfg = Release|Any CPU
		{44DF8303-BD90-4E92-857F-7DFE732D3B93}.Release|Any CPU.Build.0 = Release|Any CPU
		{8ECE81A6-230F-41C7-A754-799B69ACF8A3}.Debug|Any CPU.ActiveCfg = Debug|Any CPU
		{8ECE81A6-230F-41C7-A754-799B69ACF8A3}.Debug|Any CPU.Build.0 = Debug|Any CPU
		{8ECE81A6-230F-41C7-A754-799B69ACF8A3}.Release|Any CPU.ActiveCfg = Release|Any CPU
		{8ECE81A6-230F-41C7-A754-799B69ACF8A3}.Release|Any CPU.Build.0 = Release|Any CPU
		{2FE4AFC9-8DBC-487A-BEA1-1C81F64C6EBD}.Debug|Any CPU.ActiveCfg = Debug|Any CPU
		{2FE4AFC9-8DBC-487A-BEA1-1C81F64C6EBD}.Debug|Any CPU.Build.0 = Debug|Any CPU
		{2FE4AFC9-8DBC-487A-BEA1-1C81F64C6EBD}.Release|Any CPU.ActiveCfg = Release|Any CPU
		{2FE4AFC9-8DBC-487A-BEA1-1C81F64C6EBD}.Release|Any CPU.Build.0 = Release|Any CPU
		{9472347B-FB46-4BE1-B5B1-605CBB0E1193}.Debug|Any CPU.ActiveCfg = Debug|Any CPU
		{9472347B-FB46-4BE1-B5B1-605CBB0E1193}.Debug|Any CPU.Build.0 = Debug|Any CPU
		{9472347B-FB46-4BE1-B5B1-605CBB0E1193}.Release|Any CPU.ActiveCfg = Release|Any CPU
		{9472347B-FB46-4BE1-B5B1-605CBB0E1193}.Release|Any CPU.Build.0 = Release|Any CPU
		{6586E5C3-B31D-4BED-B5AB-D115F674A3CE}.Debug|Any CPU.ActiveCfg = Debug|Any CPU
		{6586E5C3-B31D-4BED-B5AB-D115F674A3CE}.Debug|Any CPU.Build.0 = Debug|Any CPU
		{6586E5C3-B31D-4BED-B5AB-D115F674A3CE}.Release|Any CPU.ActiveCfg = Release|Any CPU
		{6586E5C3-B31D-4BED-B5AB-D115F674A3CE}.Release|Any CPU.Build.0 = Release|Any CPU
		{4CDF72E1-09B6-413D-8CCC-89379C10D724}.Debug|Any CPU.ActiveCfg = Debug|Any CPU
		{4CDF72E1-09B6-413D-8CCC-89379C10D724}.Debug|Any CPU.Build.0 = Debug|Any CPU
		{4CDF72E1-09B6-413D-8CCC-89379C10D724}.Release|Any CPU.ActiveCfg = Release|Any CPU
		{4CDF72E1-09B6-413D-8CCC-89379C10D724}.Release|Any CPU.Build.0 = Release|Any CPU
	EndGlobalSection
	GlobalSection(SolutionProperties) = preSolution
		HideSolutionNode = FALSE
	EndGlobalSection
	GlobalSection(NestedProjects) = preSolution
		{0110A542-A9ED-4053-A657-EEBB384C2F49} = {0E1F645B-4C44-4124-8812-C8C20339CFB0}
		{74719BF0-7B29-4929-8104-DF404203C7E2} = {0E1F645B-4C44-4124-8812-C8C20339CFB0}
		{80FA5186-D4F3-4122-BBB3-33D4181D29AB} = {0E1F645B-4C44-4124-8812-C8C20339CFB0}
		{44DF8303-BD90-4E92-857F-7DFE732D3B93} = {0110A542-A9ED-4053-A657-EEBB384C2F49}
		{8ECE81A6-230F-41C7-A754-799B69ACF8A3} = {74719BF0-7B29-4929-8104-DF404203C7E2}
		{2FE4AFC9-8DBC-487A-BEA1-1C81F64C6EBD} = {80FA5186-D4F3-4122-BBB3-33D4181D29AB}
		{A61B4C7B-AB42-4089-A7F4-44985A3F901B} = {0E1F645B-4C44-4124-8812-C8C20339CFB0}
		{9472347B-FB46-4BE1-B5B1-605CBB0E1193} = {A61B4C7B-AB42-4089-A7F4-44985A3F901B}
		{1BA6A85B-F20B-4BE3-9045-7F3D42BA18C7} = {0110A542-A9ED-4053-A657-EEBB384C2F49}
		{6586E5C3-B31D-4BED-B5AB-D115F674A3CE} = {1BA6A85B-F20B-4BE3-9045-7F3D42BA18C7}
		{4CDF72E1-09B6-413D-8CCC-89379C10D724} = {1BA6A85B-F20B-4BE3-9045-7F3D42BA18C7}
	EndGlobalSection
EndGlobal
